
Microsoft Visual Studio Solution File, Format Version 11.00
# Visual Studio 2010
Project("{FAE04EC0-301F-11D3-BF4B-00C04F79EFBC}") = "QRCode", "GoogleQRCode\QRCode.csproj", "{2F8EFAE6-2EAE-4BAB-8DED-B3EF2C1E0717}"
EndProject
Project("{FAE04EC0-301F-11D3-BF4B-00C04F79EFBC}") = "QRCodeProvider", "QRCodeProvider\QRCodeProvider.csproj", "{12FFA92D-73E3-48F6-AE36-C4D4A0B0E6DB}"
EndProject
Global
	GlobalSection(SolutionConfigurationPlatforms) = preSolution
		Debug|Any CPU = Debug|Any CPU
		Debug|Mixed Platforms = Debug|Mixed Platforms
		Debug|x86 = Debug|x86
		Release|Any CPU = Release|Any CPU
		Release|Mixed Platforms = Release|Mixed Platforms
		Release|x86 = Release|x86
	EndGlobalSection
	GlobalSection(ProjectConfigurationPlatforms) = postSolution
		{2F8EFAE6-2EAE-4BAB-8DED-B3EF2C1E0717}.Debug|Any CPU.ActiveCfg = Debug|x86
		{2F8EFAE6-2EAE-4BAB-8DED-B3EF2C1E0717}.Debug|Mixed Platforms.ActiveCfg = Debug|x86
		{2F8EFAE6-2EAE-4BAB-8DED-B3EF2C1E0717}.Debug|Mixed Platforms.Build.0 = Debug|x86
		{2F8EFAE6-2EAE-4BAB-8DED-B3EF2C1E0717}.Debug|x86.ActiveCfg = Debug|x86
		{2F8EFAE6-2EAE-4BAB-8DED-B3EF2C1E0717}.Debug|x86.Build.0 = Debug|x86
		{2F8EFAE6-2EAE-4BAB-8DED-B3EF2C1E0717}.Release|Any CPU.ActiveCfg = Release|x86
		{2F8EFAE6-2EAE-4BAB-8DED-B3EF2C1E0717}.Release|Mixed Platforms.ActiveCfg = Release|x86
		{2F8EFAE6-2EAE-4BAB-8DED-B3EF2C1E0717}.Release|Mixed Platforms.Build.0 = Release|x86
		{2F8EFAE6-2EAE-4BAB-8DED-B3EF2C1E0717}.Release|x86.ActiveCfg = Release|x86
		{2F8EFAE6-2EAE-4BAB-8DED-B3EF2C1E0717}.Release|x86.Build.0 = Release|x86
		{12FFA92D-73E3-48F6-AE36-C4D4A0B0E6DB}.Debug|Any CPU.ActiveCfg = Debug|Any CPU
		{12FFA92D-73E3-48F6-AE36-C4D4A0B0E6DB}.Debug|Any CPU.Build.0 = Debug|Any CPU
		{12FFA92D-73E3-48F6-AE36-C4D4A0B0E6DB}.Debug|Mixed Platforms.ActiveCfg = Debug|Any CPU
		{12FFA92D-73E3-48F6-AE36-C4D4A0B0E6DB}.Debug|Mixed Platforms.Build.0 = Debug|Any CPU
		{12FFA92D-73E3-48F6-AE36-C4D4A0B0E6DB}.Debug|x86.ActiveCfg = Debug|Any CPU
		{12FFA92D-73E3-48F6-AE36-C4D4A0B0E6DB}.Release|Any CPU.ActiveCfg = Release|Any CPU
		{12FFA92D-73E3-48F6-AE36-C4D4A0B0E6DB}.Release|Any CPU.Build.0 = Release|Any CPU
		{12FFA92D-73E3-48F6-AE36-C4D4A0B0E6DB}.Release|Mixed Platforms.ActiveCfg = Release|Any CPU
		{12FFA92D-73E3-48F6-AE36-C4D4A0B0E6DB}.Release|Mixed Platforms.Build.0 = Release|Any CPU
		{12FFA92D-73E3-48F6-AE36-C4D4A0B0E6DB}.Release|x86.ActiveCfg = Release|Any CPU
	EndGlobalSection
	GlobalSection(SolutionProperties) = preSolution
		HideSolutionNode = FALSE
	EndGlobalSection
EndGlobal
